
Microsoft Visual Studio Solution File, Format Version 12.00
# Visual Studio Version 17
VisualStudioVersion = 17.3.32929.385
MinimumVisualStudioVersion = 10.0.40219.1
Project("{FAE04EC0-301F-11D3-BF4B-00C04F79EFBC}") = "projekt2", "projekt2.csproj", "{8B632FC4-ABA0-440E-A85D-D82DD08DD442}"
EndProject
Global
	GlobalSection(SolutionConfigurationPlatforms) = preSolution
		Debug|Any CPU = Debug|Any CPU
		Release|Any CPU = Release|Any CPU
	EndGlobalSection
	GlobalSection(ProjectConfigurationPlatforms) = postSolution
		{8B632FC4-ABA0-440E-A85D-D82DD08DD442}.Debug|Any CPU.ActiveCfg = Debug|Any CPU
		{8B632FC4-ABA0-440E-A85D-D82DD08DD442}.Debug|Any CPU.Build.0 = Debug|Any CPU
		{8B632FC4-ABA0-440E-A85D-D82DD08DD442}.Release|Any CPU.ActiveCfg = Release|Any CPU
		{8B632FC4-ABA0-440E-A85D-D82DD08DD442}.Release|Any CPU.Build.0 = Release|Any CPU
	EndGlobalSection
	GlobalSection(SolutionProperties) = preSolution
		HideSolutionNode = FALSE
	EndGlobalSection
	GlobalSection(ExtensibilityGlobals) = postSolution
		SolutionGuid = {1A0DF7B3-79DC-4BF6-A501-4EB08C039072}
	EndGlobalSection
EndGlobal
